<?xml version="1.0" encoding="utf-8"?>
<Project ToolsVersion="4.0" xmlns="http://schemas.microsoft.com/developer/msbuild/2003">
  <ItemGroup>
    <Filter Include="include">
      <UniqueIdentifier>{93995380-89BD-4b04-88EB-625FBE52EBFB}</UniqueIdentifier>
      <Extensions>h;hh;hpp;hxx;hm;inl;inc;xsd</Extensions>
    </Filter>
    <Filter Include="include\detail">
      <UniqueIdentifier>{0db281df-a543-41e2-9179-f3fe2e029389}</UniqueIdentifier>
    </Filter>
    <Filter Include="unitests">
      <UniqueIdentifier>{4FC737F1-C7A5-4376-A066-2A32D752A2FF}</UniqueIdentifier>
      <Extensions>cpp;c;cc;cxx;def;odl;idl;hpj;bat;asm;asmx</Extensions>
    </Filter>
  </ItemGroup>
  <ItemGroup>
    <ClInclude Include="..\include\detail\file_stream_impl.hpp">
      <Filter>include\detail</Filter>
    </ClInclude>
    <ClInclude Include="..\include\detail\unix_file_stream.hpp">
      <Filter>include\detail</Filter>
    </ClInclude>
    <ClInclude Include="..\include\detail\win_file_stream.hpp">
      <Filter>include\detail</Filter>
    </ClInclude>
    <ClInclude Include="..\include\functional.hpp">
      <Filter>include</Filter>
    </ClInclude>
    <ClInclude Include="..\include\make_index_sequence.hpp">
      <Filter>include</Filter>
    </ClInclude>
    <ClInclude Include="..\include\file_stream.hpp">
      <Filter>include</Filter>
    </ClInclude>
    <ClInclude Include="..\include\function_traits.hpp">
      <Filter>include</Filter>
    </ClInclude>
    <ClInclude Include="..\include\detail\win_vfs.hpp">
      <Filter>include\detail</Filter>
    </ClInclude>
    <ClInclude Include="..\include\detail\unix_vfs.hpp">
      <Filter>include\detail</Filter>
    </ClInclude>
    <ClInclude Include="..\include\detail\vfs_impl.hpp">
      <Filter>include\detail</Filter>
    </ClInclude>
    <ClInclude Include="..\include\vfs.hpp">
      <Filter>include</Filter>
    </ClInclude>
  </ItemGroup>
  <ItemGroup>
    <ClCompile Include="vfs_unit_test.cpp">
      <Filter>unitests</Filter>
    </ClCompile>
  </ItemGroup>
</Project>